// !$*UTF8*$!
{
	archiveVersion = 1;
	classes = {
	};
	objectVersion = 77;
	objects = {

/* Begin PBXBuildFile section */
		424C92C02F2611B300D73766 /* FlyFunBriefShare.appex in Embed Foundation Extensions */ = {isa = PBXBuildFile; fileRef = 424C92B62F2611B300D73766 /* FlyFunBriefShare.appex */; settings = {ATTRIBUTES = (RemoveHeadersOnCopy, ); }; };
		424C93132F2613BB00D73766 /* RZUtils in Frameworks */ = {isa = PBXBuildFile; productRef = 424C93122F2613BB00D73766 /* RZUtils */; };
		424C93152F2613BB00D73766 /* RZUtilsSwift in Frameworks */ = {isa = PBXBuildFile; productRef = 424C93142F2613BB00D73766 /* RZUtilsSwift */; };
		424C93172F2613BB00D73766 /* RZFlight in Frameworks */ = {isa = PBXBuildFile; productRef = 424C93162F2613BB00D73766 /* RZFlight */; };
/* End PBXBuildFile section */

/* Begin PBXContainerItemProxy section */
		42017F462F260BAC001927A0 /* PBXContainerItemProxy */ = {
			isa = PBXContainerItemProxy;
			containerPortal = 42017F302F260BAA001927A0 /* Project object */;
			proxyType = 1;
			remoteGlobalIDString = 42017F372F260BAA001927A0;
			remoteInfo = FlyFunBrief;
		};
		42017F502F260BAC001927A0 /* PBXContainerItemProxy */ = {
			isa = PBXContainerItemProxy;
			containerPortal = 42017F302F260BAA001927A0 /* Project object */;
			proxyType = 1;
			remoteGlobalIDString = 42017F372F260BAA001927A0;
			remoteInfo = FlyFunBrief;
		};
		424C92BE2F2611B300D73766 /* PBXContainerItemProxy */ = {
			isa = PBXContainerItemProxy;
			containerPortal = 42017F302F260BAA001927A0 /* Project object */;
			proxyType = 1;
			remoteGlobalIDString = 424C92B52F2611B300D73766;
			remoteInfo = FlyFunBriefShare;
		};
/* End PBXContainerItemProxy section */

/* Begin PBXCopyFilesBuildPhase section */
		424C92C52F2611B300D73766 /* Embed Foundation Extensions */ = {
			isa = PBXCopyFilesBuildPhase;
			buildActionMask = 2147483647;
			dstPath = "";
			dstSubfolderSpec = 13;
			files = (
				424C92C02F2611B300D73766 /* FlyFunBriefShare.appex in Embed Foundation Extensions */,
			);
			name = "Embed Foundation Extensions";
			runOnlyForDeploymentPostprocessing = 0;
		};
/* End PBXCopyFilesBuildPhase section */

/* Begin PBXFileReference section */
		42017F382F260BAA001927A0 /* FlyFunBrief.app */ = {isa = PBXFileReference; explicitFileType = wrapper.application; includeInIndex = 0; path = FlyFunBrief.app; sourceTree = BUILT_PRODUCTS_DIR; };
		42017F452F260BAC001927A0 /* FlyFunBriefTests.xctest */ = {isa = PBXFileReference; explicitFileType = wrapper.cfbundle; includeInIndex = 0; path = FlyFunBriefTests.xctest; sourceTree = BUILT_PRODUCTS_DIR; };
		42017F4F2F260BAC001927A0 /* FlyFunBriefUITests.xctest */ = {isa = PBXFileReference; explicitFileType = wrapper.cfbundle; includeInIndex = 0; path = FlyFunBriefUITests.xctest; sourceTree = BUILT_PRODUCTS_DIR; };
		424C92B62F2611B300D73766 /* FlyFunBriefShare.appex */ = {isa = PBXFileReference; explicitFileType = "wrapper.app-extension"; includeInIndex = 0; path = FlyFunBriefShare.appex; sourceTree = BUILT_PRODUCTS_DIR; };
/* End PBXFileReference section */

/* Begin PBXFileSystemSynchronizedBuildFileExceptionSet section */
		424C92C12F2611B300D73766 /* Exceptions for "FlyFunBriefShare" folder in "FlyFunBriefShare" target */ = {
			isa = PBXFileSystemSynchronizedBuildFileExceptionSet;
			membershipExceptions = (
				Info.plist,
			);
			target = 424C92B52F2611B300D73766 /* FlyFunBriefShare */;
		};
		424C93192F26149100D73766 /* Exceptions for "FlyFunBrief" folder in "FlyFunBrief" target */ = {
			isa = PBXFileSystemSynchronizedBuildFileExceptionSet;
			membershipExceptions = (
				Info.plist,
			);
			target = 42017F372F260BAA001927A0 /* FlyFunBrief */;
		};
/* End PBXFileSystemSynchronizedBuildFileExceptionSet section */

/* Begin PBXFileSystemSynchronizedRootGroup section */
		42017F3A2F260BAA001927A0 /* FlyFunBrief */ = {
			isa = PBXFileSystemSynchronizedRootGroup;
			exceptions = (
				424C93192F26149100D73766 /* Exceptions for "FlyFunBrief" folder in "FlyFunBrief" target */,
			);
			path = FlyFunBrief;
			sourceTree = "<group>";
		};
		42017F482F260BAC001927A0 /* FlyFunBriefTests */ = {
			isa = PBXFileSystemSynchronizedRootGroup;
			path = FlyFunBriefTests;
			sourceTree = "<group>";
		};
		42017F522F260BAC001927A0 /* FlyFunBriefUITests */ = {
			isa = PBXFileSystemSynchronizedRootGroup;
			path = FlyFunBriefUITests;
			sourceTree = "<group>";
		};
		424C92B72F2611B300D73766 /* FlyFunBriefShare */ = {
			isa = PBXFileSystemSynchronizedRootGroup;
			exceptions = (
				424C92C12F2611B300D73766 /* Exceptions for "FlyFunBriefShare" folder in "FlyFunBriefShare" target */,
			);
			path = FlyFunBriefShare;
			sourceTree = "<group>";
		};
/* End PBXFileSystemSynchronizedRootGroup section */

/* Begin PBXFrameworksBuildPhase section */
		42017F352F260BAA001927A0 /* Frameworks */ = {
			isa = PBXFrameworksBuildPhase;
			buildActionMask = 2147483647;
			files = (
				424C93152F2613BB00D73766 /* RZUtilsSwift in Frameworks */,
				424C93172F2613BB00D73766 /* RZFlight in Frameworks */,
				424C93132F2613BB00D73766 /* RZUtils in Frameworks */,
			);
			runOnlyForDeploymentPostprocessing = 0;
		};
		42017F422F260BAC001927A0 /* Frameworks */ = {
			isa = PBXFrameworksBuildPhase;
			buildActionMask = 2147483647;
			files = (
			);
			runOnlyForDeploymentPostprocessing = 0;
		};
		42017F4C2F260BAC001927A0 /* Frameworks */ = {
			isa = PBXFrameworksBuildPhase;
			buildActionMask = 2147483647;
			files = (
			);
			runOnlyForDeploymentPostprocessing = 0;
		};
		424C92B32F2611B300D73766 /* Frameworks */ = {
			isa = PBXFrameworksBuildPhase;
			buildActionMask = 2147483647;
			files = (
			);
			runOnlyForDeploymentPostprocessing = 0;
		};
/* End PBXFrameworksBuildPhase section */

/* Begin PBXGroup section */
		42017F2F2F260BAA001927A0 = {
			isa = PBXGroup;
			children = (
				42017F3A2F260BAA001927A0 /* FlyFunBrief */,
				42017F482F260BAC001927A0 /* FlyFunBriefTests */,
				42017F522F260BAC001927A0 /* FlyFunBriefUITests */,
				424C92B72F2611B300D73766 /* FlyFunBriefShare */,
				424C93112F2613BB00D73766 /* Frameworks */,
				42017F392F260BAA001927A0 /* Products */,
			);
			sourceTree = "<group>";
		};
		42017F392F260BAA001927A0 /* Products */ = {
			isa = PBXGroup;
			children = (
				42017F382F260BAA001927A0 /* FlyFunBrief.app */,
				42017F452F260BAC001927A0 /* FlyFunBriefTests.xctest */,
				42017F4F2F260BAC001927A0 /* FlyFunBriefUITests.xctest */,
				424C92B62F2611B300D73766 /* FlyFunBriefShare.appex */,
			);
			name = Products;
			sourceTree = "<group>";
		};
		424C93112F2613BB00D73766 /* Frameworks */ = {
			isa = PBXGroup;
			children = (
			);
			name = Frameworks;
			sourceTree = "<group>";
		};
/* End PBXGroup section */

/* Begin PBXNativeTarget section */
		42017F372F260BAA001927A0 /* FlyFunBrief */ = {
			isa = PBXNativeTarget;
			buildConfigurationList = 42017F592F260BAC001927A0 /* Build configuration list for PBXNativeTarget "FlyFunBrief" */;
			buildPhases = (
				42017F342F260BAA001927A0 /* Sources */,
				42017F352F260BAA001927A0 /* Frameworks */,
				42017F362F260BAA001927A0 /* Resources */,
				424C92C52F2611B300D73766 /* Embed Foundation Extensions */,
			);
			buildRules = (
			);
			dependencies = (
				424C92BF2F2611B300D73766 /* PBXTargetDependency */,
			);
			fileSystemSynchronizedGroups = (
				42017F3A2F260BAA001927A0 /* FlyFunBrief */,
			);
			name = FlyFunBrief;
			packageProductDependencies = (
				424C93122F2613BB00D73766 /* RZUtils */,
				424C93142F2613BB00D73766 /* RZUtilsSwift */,
				424C93162F2613BB00D73766 /* RZFlight */,
			);
			productName = FlyFunBrief;
			productReference = 42017F382F260BAA001927A0 /* FlyFunBrief.app */;
			productType = "com.apple.product-type.application";
		};
		42017F442F260BAC001927A0 /* FlyFunBriefTests */ = {
			isa = PBXNativeTarget;
			buildConfigurationList = 42017F5C2F260BAC001927A0 /* Build configuration list for PBXNativeTarget "FlyFunBriefTests" */;
			buildPhases = (
				42017F412F260BAC001927A0 /* Sources */,
				42017F422F260BAC001927A0 /* Frameworks */,
				42017F432F260BAC001927A0 /* Resources */,
			);
			buildRules = (
			);
			dependencies = (
				42017F472F260BAC001927A0 /* PBXTargetDependency */,
			);
			fileSystemSynchronizedGroups = (
				42017F482F260BAC001927A0 /* FlyFunBriefTests */,
			);
			name = FlyFunBriefTests;
			packageProductDependencies = (
			);
			productName = FlyFunBriefTests;
			productReference = 42017F452F260BAC001927A0 /* FlyFunBriefTests.xctest */;
			productType = "com.apple.product-type.bundle.unit-test";
		};
		42017F4E2F260BAC001927A0 /* FlyFunBriefUITests */ = {
			isa = PBXNativeTarget;
			buildConfigurationList = 42017F5F2F260BAC001927A0 /* Build configuration list for PBXNativeTarget "FlyFunBriefUITests" */;
			buildPhases = (
				42017F4B2F260BAC001927A0 /* Sources */,
				42017F4C2F260BAC001927A0 /* Frameworks */,
				42017F4D2F260BAC001927A0 /* Resources */,
			);
			buildRules = (
			);
			dependencies = (
				42017F512F260BAC001927A0 /* PBXTargetDependency */,
			);
			fileSystemSynchronizedGroups = (
				42017F522F260BAC001927A0 /* FlyFunBriefUITests */,
			);
			name = FlyFunBriefUITests;
			packageProductDependencies = (
			);
			productName = FlyFunBriefUITests;
			productReference = 42017F4F2F260BAC001927A0 /* FlyFunBriefUITests.xctest */;
			productType = "com.apple.product-type.bundle.ui-testing";
		};
		424C92B52F2611B300D73766 /* FlyFunBriefShare */ = {
			isa = PBXNativeTarget;
			buildConfigurationList = 424C92C22F2611B300D73766 /* Build configuration list for PBXNativeTarget "FlyFunBriefShare" */;
			buildPhases = (
				424C92B22F2611B300D73766 /* Sources */,
				424C92B32F2611B300D73766 /* Frameworks */,
				424C92B42F2611B300D73766 /* Resources */,
			);
			buildRules = (
			);
			dependencies = (
			);
			fileSystemSynchronizedGroups = (
				424C92B72F2611B300D73766 /* FlyFunBriefShare */,
			);
			name = FlyFunBriefShare;
			packageProductDependencies = (
			);
			productName = FlyFunBriefShare;
			productReference = 424C92B62F2611B300D73766 /* FlyFunBriefShare.appex */;
			productType = "com.apple.product-type.app-extension";
		};
/* End PBXNativeTarget section */

/* Begin PBXProject section */
		42017F302F260BAA001927A0 /* Project object */ = {
			isa = PBXProject;
			attributes = {
				BuildIndependentTargetsInParallel = 1;
				LastSwiftUpdateCheck = 2620;
				LastUpgradeCheck = 2620;
				TargetAttributes = {
					42017F372F260BAA001927A0 = {
						CreatedOnToolsVersion = 26.2;
					};
					42017F442F260BAC001927A0 = {
						CreatedOnToolsVersion = 26.2;
						TestTargetID = 42017F372F260BAA001927A0;
					};
					42017F4E2F260BAC001927A0 = {
						CreatedOnToolsVersion = 26.2;
						TestTargetID = 42017F372F260BAA001927A0;
					};
					424C92B52F2611B300D73766 = {
						CreatedOnToolsVersion = 26.2;
					};
				};
			};
			buildConfigurationList = 42017F332F260BAA001927A0 /* Build configuration list for PBXProject "FlyFunBrief" */;
			developmentRegion = en;
			hasScannedForEncodings = 0;
			knownRegions = (
				en,
				Base,
			);
			mainGroup = 42017F2F2F260BAA001927A0;
			minimizedProjectReferenceProxies = 1;
			packageReferences = (
				42017F6E2F260C8C001927A0 /* XCRemoteSwiftPackageReference "rzutils" */,
				423667E62F26107E00905B57 /* XCLocalSwiftPackageReference "../../../rzflight" */,
			);
			preferredProjectObjectVersion = 77;
			productRefGroup = 42017F392F260BAA001927A0 /* Products */;
			projectDirPath = "";
			projectRoot = "";
			targets = (
				42017F372F260BAA001927A0 /* FlyFunBrief */,
				42017F442F260BAC001927A0 /* FlyFunBriefTests */,
				42017F4E2F260BAC001927A0 /* FlyFunBriefUITests */,
				424C92B52F2611B300D73766 /* FlyFunBriefShare */,
			);
		};
/* End PBXProject section */

/* Begin PBXResourcesBuildPhase section */
		42017F362F260BAA001927A0 /* Resources */ = {
			isa = PBXResourcesBuildPhase;
			buildActionMask = 2147483647;
			files = (
			);
			runOnlyForDeploymentPostprocessing = 0;
		};
		42017F432F260BAC001927A0 /* Resources */ = {
			isa = PBXResourcesBuildPhase;
			buildActionMask = 2147483647;
			files = (
			);
			runOnlyForDeploymentPostprocessing = 0;
		};
		42017F4D2F260BAC001927A0 /* Resources */ = {
			isa = PBXResourcesBuildPhase;
			buildActionMask = 2147483647;
			files = (
			);
			runOnlyForDeploymentPostprocessing = 0;
		};
		424C92B42F2611B300D73766 /* Resources */ = {
			isa = PBXResourcesBuildPhase;
			buildActionMask = 2147483647;
			files = (
			);
			runOnlyForDeploymentPostprocessing = 0;
		};
/* End PBXResourcesBuildPhase section */

/* Begin PBXSourcesBuildPhase section */
		42017F342F260BAA001927A0 /* Sources */ = {
			isa = PBXSourcesBuildPhase;
			buildActionMask = 2147483647;
			files = (
			);
			runOnlyForDeploymentPostprocessing = 0;
		};
		42017F412F260BAC001927A0 /* Sources */ = {
			isa = PBXSourcesBuildPhase;
			buildActionMask = 2147483647;
			files = (
			);
			runOnlyForDeploymentPostprocessing = 0;
		};
		42017F4B2F260BAC001927A0 /* Sources */ = {
			isa = PBXSourcesBuildPhase;
			buildActionMask = 2147483647;
			files = (
			);
			runOnlyForDeploymentPostprocessing = 0;
		};
		424C92B22F2611B300D73766 /* Sources */ = {
			isa = PBXSourcesBuildPhase;
			buildActionMask = 2147483647;
			files = (
			);
			runOnlyForDeploymentPostprocessing = 0;
		};
/* End PBXSourcesBuildPhase section */

/* Begin PBXTargetDependency section */
		42017F472F260BAC001927A0 /* PBXTargetDependency */ = {
			isa = PBXTargetDependency;
			target = 42017F372F260BAA001927A0 /* FlyFunBrief */;
			targetProxy = 42017F462F260BAC001927A0 /* PBXContainerItemProxy */;
		};
		42017F512F260BAC001927A0 /* PBXTargetDependency */ = {
			isa = PBXTargetDependency;
			target = 42017F372F260BAA001927A0 /* FlyFunBrief */;
			targetProxy = 42017F502F260BAC001927A0 /* PBXContainerItemProxy */;
		};
		424C92BF2F2611B300D73766 /* PBXTargetDependency */ = {
			isa = PBXTargetDependency;
			target = 424C92B52F2611B300D73766 /* FlyFunBriefShare */;
			targetProxy = 424C92BE2F2611B300D73766 /* PBXContainerItemProxy */;
		};
/* End PBXTargetDependency section */

/* Begin XCBuildConfiguration section */
		42017F572F260BAC001927A0 /* Debug */ = {
			isa = XCBuildConfiguration;
			buildSettings = {
				ALWAYS_SEARCH_USER_PATHS = NO;
				ASSETCATALOG_COMPILER_GENERATE_SWIFT_ASSET_SYMBOL_EXTENSIONS = YES;
				CLANG_ANALYZER_NONNULL = YES;
				CLANG_ANALYZER_NUMBER_OBJECT_CONVERSION = YES_AGGRESSIVE;
				CLANG_CXX_LANGUAGE_STANDARD = "gnu++20";
				CLANG_ENABLE_MODULES = YES;
				CLANG_ENABLE_OBJC_ARC = YES;
				CLANG_ENABLE_OBJC_WEAK = YES;
				CLANG_WARN_BLOCK_CAPTURE_AUTORELEASING = YES;
				CLANG_WARN_BOOL_CONVERSION = YES;
				CLANG_WARN_COMMA = YES;
				CLANG_WARN_CONSTANT_CONVERSION = YES;
				CLANG_WARN_DEPRECATED_OBJC_IMPLEMENTATIONS = YES;
				CLANG_WARN_DIRECT_OBJC_ISA_USAGE = YES_ERROR;
				CLANG_WARN_DOCUMENTATION_COMMENTS = YES;
				CLANG_WARN_EMPTY_BODY = YES;
				CLANG_WARN_ENUM_CONVERSION = YES;
				CLANG_WARN_INFINITE_RECURSION = YES;
				CLANG_WARN_INT_CONVERSION = YES;
				CLANG_WARN_NON_LITERAL_NULL_CONVERSION = YES;
				CLANG_WARN_OBJC_IMPLICIT_RETAIN_SELF = YES;
				CLANG_WARN_OBJC_LITERAL_CONVERSION = YES;
				CLANG_WARN_OBJC_ROOT_CLASS = YES_ERROR;
				CLANG_WARN_QUOTED_INCLUDE_IN_FRAMEWORK_HEADER = YES;
				CLANG_WARN_RANGE_LOOP_ANALYSIS = YES;
				CLANG_WARN_STRICT_PROTOTYPES = YES;
				CLANG_WARN_SUSPICIOUS_MOVE = YES;
				CLANG_WARN_UNGUARDED_AVAILABILITY = YES_AGGRESSIVE;
				CLANG_WARN_UNREACHABLE_CODE = YES;
				CLANG_WARN__DUPLICATE_METHOD_MATCH = YES;
				COPY_PHASE_STRIP = NO;
				DEBUG_INFORMATION_FORMAT = dwarf;
				DEVELOPMENT_TEAM = M7QSSF3624;
				ENABLE_STRICT_OBJC_MSGSEND = YES;
				ENABLE_TESTABILITY = YES;
				ENABLE_USER_SCRIPT_SANDBOXING = YES;
				GCC_C_LANGUAGE_STANDARD = gnu17;
				GCC_DYNAMIC_NO_PIC = NO;
				GCC_NO_COMMON_BLOCKS = YES;
				GCC_OPTIMIZATION_LEVEL = 0;
				GCC_PREPROCESSOR_DEFINITIONS = (
					"DEBUG=1",
					"$(inherited)",
				);
				GCC_WARN_64_TO_32_BIT_CONVERSION = YES;
				GCC_WARN_ABOUT_RETURN_TYPE = YES_ERROR;
				GCC_WARN_UNDECLARED_SELECTOR = YES;
				GCC_WARN_UNINITIALIZED_AUTOS = YES_AGGRESSIVE;
				GCC_WARN_UNUSED_FUNCTION = YES;
				GCC_WARN_UNUSED_VARIABLE = YES;
				LOCALIZATION_PREFERS_STRING_CATALOGS = YES;
				MTL_ENABLE_DEBUG_INFO = INCLUDE_SOURCE;
				MTL_FAST_MATH = YES;
				ONLY_ACTIVE_ARCH = YES;
				SWIFT_ACTIVE_COMPILATION_CONDITIONS = "DEBUG $(inherited)";
				SWIFT_OPTIMIZATION_LEVEL = "-Onone";
			};
			name = Debug;
		};
		42017F582F260BAC001927A0 /* Release */ = {
			isa = XCBuildConfiguration;
			buildSettings = {
				ALWAYS_SEARCH_USER_PATHS = NO;
				ASSETCATALOG_COMPILER_GENERATE_SWIFT_ASSET_SYMBOL_EXTENSIONS = YES;
				CLANG_ANALYZER_NONNULL = YES;
				CLANG_ANALYZER_NUMBER_OBJECT_CONVERSION = YES_AGGRESSIVE;
				CLANG_CXX_LANGUAGE_STANDARD = "gnu++20";
				CLANG_ENABLE_MODULES = YES;
				CLANG_ENABLE_OBJC_ARC = YES;
				CLANG_ENABLE_OBJC_WEAK = YES;
				CLANG_WARN_BLOCK_CAPTURE_AUTORELEASING = YES;
				CLANG_WARN_BOOL_CONVERSION = YES;
				CLANG_WARN_COMMA = YES;
				CLANG_WARN_CONSTANT_CONVERSION = YES;
				CLANG_WARN_DEPRECATED_OBJC_IMPLEMENTATIONS = YES;
				CLANG_WARN_DIRECT_OBJC_ISA_USAGE = YES_ERROR;
				CLANG_WARN_DOCUMENTATION_COMMENTS = YES;
				CLANG_WARN_EMPTY_BODY = YES;
				CLANG_WARN_ENUM_CONVERSION = YES;
				CLANG_WARN_INFINITE_RECURSION = YES;
				CLANG_WARN_INT_CONVERSION = YES;
				CLANG_WARN_NON_LITERAL_NULL_CONVERSION = YES;
				CLANG_WARN_OBJC_IMPLICIT_RETAIN_SELF = YES;
				CLANG_WARN_OBJC_LITERAL_CONVERSION = YES;
				CLANG_WARN_OBJC_ROOT_CLASS = YES_ERROR;
				CLANG_WARN_QUOTED_INCLUDE_IN_FRAMEWORK_HEADER = YES;
				CLANG_WARN_RANGE_LOOP_ANALYSIS = YES;
				CLANG_WARN_STRICT_PROTOTYPES = YES;
				CLANG_WARN_SUSPICIOUS_MOVE = YES;
				CLANG_WARN_UNGUARDED_AVAILABILITY = YES_AGGRESSIVE;
				CLANG_WARN_UNREACHABLE_CODE = YES;
				CLANG_WARN__DUPLICATE_METHOD_MATCH = YES;
				COPY_PHASE_STRIP = NO;
				DEBUG_INFORMATION_FORMAT = "dwarf-with-dsym";
				DEVELOPMENT_TEAM = M7QSSF3624;
				ENABLE_NS_ASSERTIONS = NO;
				ENABLE_STRICT_OBJC_MSGSEND = YES;
				ENABLE_USER_SCRIPT_SANDBOXING = YES;
				GCC_C_LANGUAGE_STANDARD = gnu17;
				GCC_NO_COMMON_BLOCKS = YES;
				GCC_WARN_64_TO_32_BIT_CONVERSION = YES;
				GCC_WARN_ABOUT_RETURN_TYPE = YES_ERROR;
				GCC_WARN_UNDECLARED_SELECTOR = YES;
				GCC_WARN_UNINITIALIZED_AUTOS = YES_AGGRESSIVE;
				GCC_WARN_UNUSED_FUNCTION = YES;
				GCC_WARN_UNUSED_VARIABLE = YES;
				LOCALIZATION_PREFERS_STRING_CATALOGS = YES;
				MTL_ENABLE_DEBUG_INFO = NO;
				MTL_FAST_MATH = YES;
				SWIFT_COMPILATION_MODE = wholemodule;
			};
			name = Release;
		};
		42017F5A2F260BAC001927A0 /* Debug */ = {
			isa = XCBuildConfiguration;
			buildSettings = {
				ASSETCATALOG_COMPILER_APPICON_NAME = AppIcon;
				ASSETCATALOG_COMPILER_GLOBAL_ACCENT_COLOR_NAME = AccentColor;
				CODE_SIGN_ENTITLEMENTS = FlyFunBrief/FlyFunBrief.entitlements;
				CODE_SIGN_STYLE = Automatic;
				CURRENT_PROJECT_VERSION = 1;
				DEVELOPMENT_TEAM = M7QSSF3624;
				ENABLE_APP_SANDBOX = YES;
				ENABLE_HARDENED_RUNTIME = YES;
				ENABLE_PREVIEWS = YES;
				ENABLE_USER_SELECTED_FILES = readonly;
				GENERATE_INFOPLIST_FILE = YES;
				INFOPLIST_FILE = FlyFunBrief/Info.plist;
				"INFOPLIST_KEY_UIApplicationSceneManifest_Generation[sdk=iphoneos*]" = YES;
				"INFOPLIST_KEY_UIApplicationSceneManifest_Generation[sdk=iphonesimulator*]" = YES;
				"INFOPLIST_KEY_UIApplicationSupportsIndirectInputEvents[sdk=iphoneos*]" = YES;
				"INFOPLIST_KEY_UIApplicationSupportsIndirectInputEvents[sdk=iphonesimulator*]" = YES;
				"INFOPLIST_KEY_UILaunchScreen_Generation[sdk=iphoneos*]" = YES;
				"INFOPLIST_KEY_UILaunchScreen_Generation[sdk=iphonesimulator*]" = YES;
				"INFOPLIST_KEY_UIStatusBarStyle[sdk=iphoneos*]" = UIStatusBarStyleDefault;
				"INFOPLIST_KEY_UIStatusBarStyle[sdk=iphonesimulator*]" = UIStatusBarStyleDefault;
				INFOPLIST_KEY_UISupportedInterfaceOrientations_iPad = "UIInterfaceOrientationPortrait UIInterfaceOrientationPortraitUpsideDown UIInterfaceOrientationLandscapeLeft UIInterfaceOrientationLandscapeRight";
				INFOPLIST_KEY_UISupportedInterfaceOrientations_iPhone = "UIInterfaceOrientationPortrait UIInterfaceOrientationLandscapeLeft UIInterfaceOrientationLandscapeRight";
				IPHONEOS_DEPLOYMENT_TARGET = 26.2;
				LD_RUNPATH_SEARCH_PATHS = "@executable_path/Frameworks";
				"LD_RUNPATH_SEARCH_PATHS[sdk=macosx*]" = "@executable_path/../Frameworks";
				MACOSX_DEPLOYMENT_TARGET = 26.2;
				MARKETING_VERSION = 1.0;
				PRODUCT_BUNDLE_IDENTIFIER = "net.ro-z.FlyFunBrief";
				PRODUCT_NAME = "$(TARGET_NAME)";
				REGISTER_APP_GROUPS = YES;
				SDKROOT = auto;
				STRING_CATALOG_GENERATE_SYMBOLS = YES;
				SUPPORTED_PLATFORMS = "iphoneos iphonesimulator macosx xros xrsimulator";
				SWIFT_APPROACHABLE_CONCURRENCY = YES;
				SWIFT_DEFAULT_ACTOR_ISOLATION = MainActor;
				SWIFT_EMIT_LOC_STRINGS = YES;
				SWIFT_UPCOMING_FEATURE_MEMBER_IMPORT_VISIBILITY = YES;
				SWIFT_VERSION = 5.0;
				TARGETED_DEVICE_FAMILY = "1,2,7";
				XROS_DEPLOYMENT_TARGET = 26.2;
			};
			name = Debug;
		};
		42017F5B2F260BAC001927A0 /* Release */ = {
			isa = XCBuildConfiguration;
			buildSettings = {
				ASSETCATALOG_COMPILER_APPICON_NAME = AppIcon;
				ASSETCATALOG_COMPILER_GLOBAL_ACCENT_COLOR_NAME = AccentColor;
				CODE_SIGN_ENTITLEMENTS = FlyFunBrief/FlyFunBrief.entitlements;
				CODE_SIGN_STYLE = Automatic;
				CURRENT_PROJECT_VERSION = 1;
				DEVELOPMENT_TEAM = M7QSSF3624;
				ENABLE_APP_SANDBOX = YES;
				ENABLE_HARDENED_RUNTIME = YES;
				ENABLE_PREVIEWS = YES;
				ENABLE_USER_SELECTED_FILES = readonly;
				GENERATE_INFOPLIST_FILE = YES;
				INFOPLIST_FILE = FlyFunBrief/Info.plist;
				"INFOPLIST_KEY_UIApplicationSceneManifest_Generation[sdk=iphoneos*]" = YES;
				"INFOPLIST_KEY_UIApplicationSceneManifest_Generation[sdk=iphonesimulator*]" = YES;
				"INFOPLIST_KEY_UIApplicationSupportsIndirectInputEvents[sdk=iphoneos*]" = YES;
				"INFOPLIST_KEY_UIApplicationSupportsIndirectInputEvents[sdk=iphonesimulator*]" = YES;
				"INFOPLIST_KEY_UILaunchScreen_Generation[sdk=iphoneos*]" = YES;
				"INFOPLIST_KEY_UILaunchScreen_Generation[sdk=iphonesimulator*]" = YES;
				"INFOPLIST_KEY_UIStatusBarStyle[sdk=iphoneos*]" = UIStatusBarStyleDefault;
				"INFOPLIST_KEY_UIStatusBarStyle[sdk=iphonesimulator*]" = UIStatusBarStyleDefault;
				INFOPLIST_KEY_UISupportedInterfaceOrientations_iPad = "UIInterfaceOrientationPortrait UIInterfaceOrientationPortraitUpsideDown UIInterfaceOrientationLandscapeLeft UIInterfaceOrientationLandscapeRight";
				INFOPLIST_KEY_UISupportedInterfaceOrientations_iPhone = "UIInterfaceOrientationPortrait UIInterfaceOrientationLandscapeLeft UIInterfaceOrientationLandscapeRight";
				IPHONEOS_DEPLOYMENT_TARGET = 26.2;
				LD_RUNPATH_SEARCH_PATHS = "@executable_path/Frameworks";
				"LD_RUNPATH_SEARCH_PATHS[sdk=macosx*]" = "@executable_path/../Frameworks";
				MACOSX_DEPLOYMENT_TARGET = 26.2;
				MARKETING_VERSION = 1.0;
				PRODUCT_BUNDLE_IDENTIFIER = "net.ro-z.FlyFunBrief";
				PRODUCT_NAME = "$(TARGET_NAME)";
				REGISTER_APP_GROUPS = YES;
				SDKROOT = auto;
				STRING_CATALOG_GENERATE_SYMBOLS = YES;
				SUPPORTED_PLATFORMS = "iphoneos iphonesimulator macosx xros xrsimulator";
				SWIFT_APPROACHABLE_CONCURRENCY = YES;
				SWIFT_DEFAULT_ACTOR_ISOLATION = MainActor;
				SWIFT_EMIT_LOC_STRINGS = YES;
				SWIFT_UPCOMING_FEATURE_MEMBER_IMPORT_VISIBILITY = YES;
				SWIFT_VERSION = 5.0;
				TARGETED_DEVICE_FAMILY = "1,2,7";
				XROS_DEPLOYMENT_TARGET = 26.2;
			};
			name = Release;
		};
		42017F5D2F260BAC001927A0 /* Debug */ = {
			isa = XCBuildConfiguration;
			buildSettings = {
				BUNDLE_LOADER = "$(TEST_HOST)";
				CODE_SIGN_STYLE = Automatic;
				CURRENT_PROJECT_VERSION = 1;
				DEVELOPMENT_TEAM = M7QSSF3624;
				GENERATE_INFOPLIST_FILE = YES;
				IPHONEOS_DEPLOYMENT_TARGET = 26.2;
				MACOSX_DEPLOYMENT_TARGET = 26.2;
				MARKETING_VERSION = 1.0;
				PRODUCT_BUNDLE_IDENTIFIER = "net.ro-z.FlyFunBriefTests";
				PRODUCT_NAME = "$(TARGET_NAME)";
				SDKROOT = auto;
				STRING_CATALOG_GENERATE_SYMBOLS = NO;
				SUPPORTED_PLATFORMS = "iphoneos iphonesimulator macosx xros xrsimulator";
				SWIFT_APPROACHABLE_CONCURRENCY = YES;
				SWIFT_EMIT_LOC_STRINGS = NO;
				SWIFT_UPCOMING_FEATURE_MEMBER_IMPORT_VISIBILITY = YES;
				SWIFT_VERSION = 5.0;
				TARGETED_DEVICE_FAMILY = "1,2,7";
				TEST_HOST = "$(BUILT_PRODUCTS_DIR)/FlyFunBrief.app/$(BUNDLE_EXECUTABLE_FOLDER_PATH)/FlyFunBrief";
				XROS_DEPLOYMENT_TARGET = 26.2;
			};
			name = Debug;
		};
		42017F5E2F260BAC001927A0 /* Release */ = {
			isa = XCBuildConfiguration;
			buildSettings = {
				BUNDLE_LOADER = "$(TEST_HOST)";
				CODE_SIGN_STYLE = Automatic;
				CURRENT_PROJECT_VERSION = 1;
				DEVELOPMENT_TEAM = M7QSSF3624;
				GENERATE_INFOPLIST_FILE = YES;
				IPHONEOS_DEPLOYMENT_TARGET = 26.2;
				MACOSX_DEPLOYMENT_TARGET = 26.2;
				MARKETING_VERSION = 1.0;
				PRODUCT_BUNDLE_IDENTIFIER = "net.ro-z.FlyFunBriefTests";
				PRODUCT_NAME = "$(TARGET_NAME)";
				SDKROOT = auto;
				STRING_CATALOG_GENERATE_SYMBOLS = NO;
				SUPPORTED_PLATFORMS = "iphoneos iphonesimulator macosx xros xrsimulator";
				SWIFT_APPROACHABLE_CONCURRENCY = YES;
				SWIFT_EMIT_LOC_STRINGS = NO;
				SWIFT_UPCOMING_FEATURE_MEMBER_IMPORT_VISIBILITY = YES;
				SWIFT_VERSION = 5.0;
				TARGETED_DEVICE_FAMILY = "1,2,7";
				TEST_HOST = "$(BUILT_PRODUCTS_DIR)/FlyFunBrief.app/$(BUNDLE_EXECUTABLE_FOLDER_PATH)/FlyFunBrief";
				XROS_DEPLOYMENT_TARGET = 26.2;
			};
			name = Release;
		};
		42017F602F260BAC001927A0 /* Debug */ = {
			isa = XCBuildConfiguration;
			buildSettings = {
				CODE_SIGN_STYLE = Automatic;
				CURRENT_PROJECT_VERSION = 1;
				DEVELOPMENT_TEAM = M7QSSF3624;
				GENERATE_INFOPLIST_FILE = YES;
				IPHONEOS_DEPLOYMENT_TARGET = 26.2;
				MACOSX_DEPLOYMENT_TARGET = 26.2;
				MARKETING_VERSION = 1.0;
				PRODUCT_BUNDLE_IDENTIFIER = "net.ro-z.FlyFunBriefUITests";
				PRODUCT_NAME = "$(TARGET_NAME)";
				SDKROOT = auto;
				STRING_CATALOG_GENERATE_SYMBOLS = NO;
				SUPPORTED_PLATFORMS = "iphoneos iphonesimulator macosx xros xrsimulator";
				SWIFT_APPROACHABLE_CONCURRENCY = YES;
				SWIFT_EMIT_LOC_STRINGS = NO;
				SWIFT_UPCOMING_FEATURE_MEMBER_IMPORT_VISIBILITY = YES;
				SWIFT_VERSION = 5.0;
				TARGETED_DEVICE_FAMILY = "1,2,7";
				TEST_TARGET_NAME = FlyFunBrief;
				XROS_DEPLOYMENT_TARGET = 26.2;
			};
			name = Debug;
		};
		42017F612F260BAC001927A0 /* Release */ = {
			isa = XCBuildConfiguration;
			buildSettings = {
				CODE_SIGN_STYLE = Automatic;
				CURRENT_PROJECT_VERSION = 1;
				DEVELOPMENT_TEAM = M7QSSF3624;
				GENERATE_INFOPLIST_FILE = YES;
				IPHONEOS_DEPLOYMENT_TARGET = 26.2;
				MACOSX_DEPLOYMENT_TARGET = 26.2;
				MARKETING_VERSION = 1.0;
				PRODUCT_BUNDLE_IDENTIFIER = "net.ro-z.FlyFunBriefUITests";
				PRODUCT_NAME = "$(TARGET_NAME)";
				SDKROOT = auto;
				STRING_CATALOG_GENERATE_SYMBOLS = NO;
				SUPPORTED_PLATFORMS = "iphoneos iphonesimulator macosx xros xrsimulator";
				SWIFT_APPROACHABLE_CONCURRENCY = YES;
				SWIFT_EMIT_LOC_STRINGS = NO;
				SWIFT_UPCOMING_FEATURE_MEMBER_IMPORT_VISIBILITY = YES;
				SWIFT_VERSION = 5.0;
				TARGETED_DEVICE_FAMILY = "1,2,7";
				TEST_TARGET_NAME = FlyFunBrief;
				XROS_DEPLOYMENT_TARGET = 26.2;
			};
			name = Release;
		};
		424C92C32F2611B300D73766 /* Debug */ = {
			isa = XCBuildConfiguration;
			buildSettings = {
				CODE_SIGN_ENTITLEMENTS = FlyFunBriefShare/FlyFunBriefShare.entitlements;
				CODE_SIGN_STYLE = Automatic;
				CURRENT_PROJECT_VERSION = 1;
				DEVELOPMENT_TEAM = M7QSSF3624;
				GENERATE_INFOPLIST_FILE = YES;
				INFOPLIST_FILE = FlyFunBriefShare/Info.plist;
				INFOPLIST_KEY_CFBundleDisplayName = FlyFunBriefShare;
				INFOPLIST_KEY_NSHumanReadableCopyright = "";
				IPHONEOS_DEPLOYMENT_TARGET = 26.2;
				LD_RUNPATH_SEARCH_PATHS = (
					"$(inherited)",
					"@executable_path/Frameworks",
					"@executable_path/../../Frameworks",
				);
				MARKETING_VERSION = 1.0;
				PRODUCT_BUNDLE_IDENTIFIER = "net.ro-z.FlyFunBrief.FlyFunBriefShare";
				PRODUCT_NAME = "$(TARGET_NAME)";
				SDKROOT = iphoneos;
				SKIP_INSTALL = YES;
				STRING_CATALOG_GENERATE_SYMBOLS = YES;
				SWIFT_APPROACHABLE_CONCURRENCY = YES;
				SWIFT_EMIT_LOC_STRINGS = YES;
				SWIFT_UPCOMING_FEATURE_MEMBER_IMPORT_VISIBILITY = YES;
				SWIFT_VERSION = 5.0;
				TARGETED_DEVICE_FAMILY = "1,2";
			};
			name = Debug;
		};
		424C92C42F2611B300D73766 /* Release */ = {
			isa = XCBuildConfiguration;
			buildSettings = {
				CODE_SIGN_ENTITLEMENTS = FlyFunBriefShare/FlyFunBriefShare.entitlements;
				CODE_SIGN_STYLE = Automatic;
				CURRENT_PROJECT_VERSION = 1;
				DEVELOPMENT_TEAM = M7QSSF3624;
				GENERATE_INFOPLIST_FILE = YES;
				INFOPLIST_FILE = FlyFunBriefShare/Info.plist;
				INFOPLIST_KEY_CFBundleDisplayName = FlyFunBriefShare;
				INFOPLIST_KEY_NSHumanReadableCopyright = "";
				IPHONEOS_DEPLOYMENT_TARGET = 26.2;
				LD_RUNPATH_SEARCH_PATHS = (
					"$(inherited)",
					"@executable_path/Frameworks",
					"@executable_path/../../Frameworks",
				);
				MARKETING_VERSION = 1.0;
				PRODUCT_BUNDLE_IDENTIFIER = "net.ro-z.FlyFunBrief.FlyFunBriefShare";
				PRODUCT_NAME = "$(TARGET_NAME)";
				SDKROOT = iphoneos;
				SKIP_INSTALL = YES;
				STRING_CATALOG_GENERATE_SYMBOLS = YES;
				SWIFT_APPROACHABLE_CONCURRENCY = YES;
				SWIFT_EMIT_LOC_STRINGS = YES;
				SWIFT_UPCOMING_FEATURE_MEMBER_IMPORT_VISIBILITY = YES;
				SWIFT_VERSION = 5.0;
				TARGETED_DEVICE_FAMILY = "1,2";
				VALIDATE_PRODUCT = YES;
			};
			name = Release;
		};
/* End XCBuildConfiguration section */

/* Begin XCConfigurationList section */
		42017F332F260BAA001927A0 /* Build configuration list for PBXProject "FlyFunBrief" */ = {
			isa = XCConfigurationList;
			buildConfigurations = (
				42017F572F260BAC001927A0 /* Debug */,
				42017F582F260BAC001927A0 /* Release */,
			);
			defaultConfigurationIsVisible = 0;
			defaultConfigurationName = Release;
		};
		42017F592F260BAC001927A0 /* Build configuration list for PBXNativeTarget "FlyFunBrief" */ = {
			isa = XCConfigurationList;
			buildConfigurations = (
				42017F5A2F260BAC001927A0 /* Debug */,
				42017F5B2F260BAC001927A0 /* Release */,
			);
			defaultConfigurationIsVisible = 0;
			defaultConfigurationName = Release;
		};
		42017F5C2F260BAC001927A0 /* Build configuration list for PBXNativeTarget "FlyFunBriefTests" */ = {
			isa = XCConfigurationList;
			buildConfigurations = (
				42017F5D2F260BAC001927A0 /* Debug */,
				42017F5E2F260BAC001927A0 /* Release */,
			);
			defaultConfigurationIsVisible = 0;
			defaultConfigurationName = Release;
		};
		42017F5F2F260BAC001927A0 /* Build configuration list for PBXNativeTarget "FlyFunBriefUITests" */ = {
			isa = XCConfigurationList;
			buildConfigurations = (
				42017F602F260BAC001927A0 /* Debug */,
				42017F612F260BAC001927A0 /* Release */,
			);
			defaultConfigurationIsVisible = 0;
			defaultConfigurationName = Release;
		};
		424C92C22F2611B300D73766 /* Build configuration list for PBXNativeTarget "FlyFunBriefShare" */ = {
			isa = XCConfigurationList;
			buildConfigurations = (
				424C92C32F2611B300D73766 /* Debug */,
				424C92C42F2611B300D73766 /* Release */,
			);
			defaultConfigurationIsVisible = 0;
			defaultConfigurationName = Release;
		};
/* End XCConfigurationList section */

/* Begin XCLocalSwiftPackageReference section */
		423667E62F26107E00905B57 /* XCLocalSwiftPackageReference "../../../rzflight" */ = {
			isa = XCLocalSwiftPackageReference;
			relativePath = ../../../rzflight;
		};
/* End XCLocalSwiftPackageReference section */

/* Begin XCRemoteSwiftPackageReference section */
		42017F6E2F260C8C001927A0 /* XCRemoteSwiftPackageReference "rzutils" */ = {
			isa = XCRemoteSwiftPackageReference;
			repositoryURL = "https://github.com/roznet/rzutils";
			requirement = {
				kind = upToNextMajorVersion;
				minimumVersion = 1.0.29;
			};
		};
/* End XCRemoteSwiftPackageReference section */

/* Begin XCSwiftPackageProductDependency section */
		424C93122F2613BB00D73766 /* RZUtils */ = {
			isa = XCSwiftPackageProductDependency;
			package = 42017F6E2F260C8C001927A0 /* XCRemoteSwiftPackageReference "rzutils" */;
			productName = RZUtils;
		};
		424C93142F2613BB00D73766 /* RZUtilsSwift */ = {
			isa = XCSwiftPackageProductDependency;
			package = 42017F6E2F260C8C001927A0 /* XCRemoteSwiftPackageReference "rzutils" */;
			productName = RZUtilsSwift;
		};
		424C93162F2613BB00D73766 /* RZFlight */ = {
			isa = XCSwiftPackageProductDependency;
			package = 423667E62F26107E00905B57 /* XCLocalSwiftPackageReference "../../../rzflight" */;
			productName = RZFlight;
		};
/* End XCSwiftPackageProductDependency section */
	};
	rootObject = 42017F302F260BAA001927A0 /* Project object */;
}
